
Microsoft Visual Studio Solution File, Format Version 12.00
# Visual Studio Version 16
VisualStudioVersion = 16.0.30717.126
MinimumVisualStudioVersion = 10.0.40219.1
Project("{FAE04EC0-301F-11D3-BF4B-00C04F79EFBC}") = "WordDictionary_01", "WordDictionary_01.csproj", "{EFE0A0B4-3F17-4061-B4E7-869640765A34}"
EndProject
Global
	GlobalSection(SolutionConfigurationPlatforms) = preSolution
		Debug|Any CPU = Debug|Any CPU
		Release|Any CPU = Release|Any CPU
	EndGlobalSection
	GlobalSection(ProjectConfigurationPlatforms) = postSolution
		{EFE0A0B4-3F17-4061-B4E7-869640765A34}.Debug|Any CPU.ActiveCfg = Debug|Any CPU
		{EFE0A0B4-3F17-4061-B4E7-869640765A34}.Debug|Any CPU.Build.0 = Debug|Any CPU
		{EFE0A0B4-3F17-4061-B4E7-869640765A34}.Release|Any CPU.ActiveCfg = Release|Any CPU
		{EFE0A0B4-3F17-4061-B4E7-869640765A34}.Release|Any CPU.Build.0 = Release|Any CPU
	EndGlobalSection
	GlobalSection(SolutionProperties) = preSolution
		HideSolutionNode = FALSE
	EndGlobalSection
	GlobalSection(ExtensibilityGlobals) = postSolution
		SolutionGuid = {B99F5FC9-B37C-437F-818C-6507C591D3BA}
	EndGlobalSection
EndGlobal
